
Microsoft Visual Studio Solution File, Format Version 12.00
# Visual Studio Version 17
VisualStudioVersion = 17.0.31919.166
MinimumVisualStudioVersion = 10.0.40219.1
Project("{9A19103F-16F7-4668-BE54-9A1E7A4F7556}") = "DatabaseAccessor", "DatabaseAccessor\DatabaseAccessor.csproj", "{D7FE0E32-B364-45B9-9B7A-9221D3E79EE4}"
EndProject
Project("{9A19103F-16F7-4668-BE54-9A1E7A4F7556}") = "GUI", "GUI\GUI.csproj", "{84E8DC68-E9FD-4FCC-81E8-D292D93FE747}"
EndProject
Project("{9A19103F-16F7-4668-BE54-9A1E7A4F7556}") = "Shared", "Shared\Shared.csproj", "{8B63A090-F1DE-48B9-B7AD-A6DEC77B78A4}"
EndProject
Project("{2150E333-8FDC-42A3-9474-1A3956D46DE8}") = "Testing", "Testing", "{8F12D60E-AB93-411C-941C-1B1DDA3CFE49}"
EndProject
Project("{9A19103F-16F7-4668-BE54-9A1E7A4F7556}") = "TestShopProductService", "Testing\TestShopProductService\TestShopProductService.csproj", "{91036151-9786-4632-9315-97B08BDF09AF}"
EndProject
Project("{9A19103F-16F7-4668-BE54-9A1E7A4F7556}") = "DatabaseSharing", "Testing\DatabaseSharing\DatabaseSharing.csproj", "{CC042469-1115-4080-B62B-BC3816435EB6}"
EndProject
Project("{9A19103F-16F7-4668-BE54-9A1E7A4F7556}") = "UnitTestSupport", "Testing\UnitTestSupport\UnitTestSupport.csproj", "{B083D523-CFD1-442F-A042-FAAE079E7475}"
EndProject
Project("{9A19103F-16F7-4668-BE54-9A1E7A4F7556}") = "AspNetCoreSharedComponent", "AspNetCoreSharedComponent\AspNetCoreSharedComponent.csproj", "{E2F458BE-50E4-47FD-92CB-E06514607A2B}"
EndProject
Project("{2150E333-8FDC-42A3-9474-1A3956D46DE8}") = "Infrastructure", "Infrastructure", "{B46F9037-B028-4BF7-BFCE-542C52EDFC04}"
EndProject
Project("{9A19103F-16F7-4668-BE54-9A1E7A4F7556}") = "ApiGateway", "Infrastructure\ApiGateway\ApiGateway.csproj", "{C0621EA3-BB47-40DC-A2C9-ECAF4289666D}"
EndProject
Project("{2150E333-8FDC-42A3-9474-1A3956D46DE8}") = "Service", "Service", "{BBFFD67C-E2CD-490A-9615-B21B89E554C3}"
EndProject
Project("{9A19103F-16F7-4668-BE54-9A1E7A4F7556}") = "ShopProductService", "Service\ShopProductService\ShopProductService.csproj", "{A0809A7F-15BC-463D-8EEE-2063D4EAA5EC}"
EndProject
Project("{9A19103F-16F7-4668-BE54-9A1E7A4F7556}") = "ShopInterfaceService", "Service\ShopInterfaceService\ShopInterfaceService.csproj", "{7003A5D4-3B82-4E4F-80D4-FF1F8AD787C0}"
EndProject
Project("{9A19103F-16F7-4668-BE54-9A1E7A4F7556}") = "AuthServer", "AuthServer\AuthServer.csproj", "{BE35FB29-D5C3-463B-AD49-A33BDCA20A4D}"
EndProject
Project("{9A19103F-16F7-4668-BE54-9A1E7A4F7556}") = "CheckoutService", "Service\CheckoutService\CheckoutService.csproj", "{7C0F80B6-F87D-4802-BEDA-5398300AFD3C}"
EndProject
Project("{9A19103F-16F7-4668-BE54-9A1E7A4F7556}") = "RatingService", "Service\RatingService\RatingService.csproj", "{C6622A56-C176-4A68-981A-64994B016B63}"
EndProject
Project("{9A19103F-16F7-4668-BE54-9A1E7A4F7556}") = "StatisticService", "Service\StatisticService\StatisticService.csproj", "{77D712DC-CCE4-49A0-89A1-80AC5D319D06}"
EndProject
Project("{9A19103F-16F7-4668-BE54-9A1E7A4F7556}") = "ReportService", "Service\ReportService\ReportService.csproj", "{C4501894-BC67-4746-98B5-40F8E00997BA}"
EndProject
Project("{9A19103F-16F7-4668-BE54-9A1E7A4F7556}") = "UserService", "Service\UserService\UserService.csproj", "{D6D56083-0EA1-4046-8452-9E05766A9C37}"
EndProject
Project("{9A19103F-16F7-4668-BE54-9A1E7A4F7556}") = "ServiceHealthChecker", "Infrastructure\ServiceHealthChecker\ServiceHealthChecker.csproj", "{C8E464E4-A291-4C4A-A540-E0691BE650BC}"
EndProject
Project("{9A19103F-16F7-4668-BE54-9A1E7A4F7556}") = "InvoiceService", "Service\InvoiceService\InvoiceService.csproj", "{A6EF8AC3-B9D5-4A38-879D-A05E9EC1829B}"
EndProject
Project("{9A19103F-16F7-4668-BE54-9A1E7A4F7556}") = "TestModel", "Testing\TestModel\TestModel.csproj", "{77416E06-27F5-455A-94D9-725DA29E0E1B}"
EndProject
Project("{FAE04EC0-301F-11D3-BF4B-00C04F79EFBC}") = "TestShopInterfaceService", "Testing\TestShopInterfaceService\TestShopInterfaceService.csproj", "{2FFEF0EE-F36E-4B06-8FAC-14EBE228FD58}"
EndProject
Global
	GlobalSection(SolutionConfigurationPlatforms) = preSolution
		Debug|Any CPU = Debug|Any CPU
		Release|Any CPU = Release|Any CPU
	EndGlobalSection
	GlobalSection(ProjectConfigurationPlatforms) = postSolution
		{D7FE0E32-B364-45B9-9B7A-9221D3E79EE4}.Debug|Any CPU.ActiveCfg = Debug|Any CPU
		{D7FE0E32-B364-45B9-9B7A-9221D3E79EE4}.Debug|Any CPU.Build.0 = Debug|Any CPU
		{D7FE0E32-B364-45B9-9B7A-9221D3E79EE4}.Release|Any CPU.ActiveCfg = Release|Any CPU
		{D7FE0E32-B364-45B9-9B7A-9221D3E79EE4}.Release|Any CPU.Build.0 = Release|Any CPU
		{84E8DC68-E9FD-4FCC-81E8-D292D93FE747}.Debug|Any CPU.ActiveCfg = Debug|Any CPU
		{84E8DC68-E9FD-4FCC-81E8-D292D93FE747}.Debug|Any CPU.Build.0 = Debug|Any CPU
		{84E8DC68-E9FD-4FCC-81E8-D292D93FE747}.Release|Any CPU.ActiveCfg = Release|Any CPU
		{84E8DC68-E9FD-4FCC-81E8-D292D93FE747}.Release|Any CPU.Build.0 = Release|Any CPU
		{8B63A090-F1DE-48B9-B7AD-A6DEC77B78A4}.Debug|Any CPU.ActiveCfg = Debug|Any CPU
		{8B63A090-F1DE-48B9-B7AD-A6DEC77B78A4}.Debug|Any CPU.Build.0 = Debug|Any CPU
		{8B63A090-F1DE-48B9-B7AD-A6DEC77B78A4}.Release|Any CPU.ActiveCfg = Release|Any CPU
		{8B63A090-F1DE-48B9-B7AD-A6DEC77B78A4}.Release|Any CPU.Build.0 = Release|Any CPU
		{91036151-9786-4632-9315-97B08BDF09AF}.Debug|Any CPU.ActiveCfg = Debug|Any CPU
		{91036151-9786-4632-9315-97B08BDF09AF}.Debug|Any CPU.Build.0 = Debug|Any CPU
		{91036151-9786-4632-9315-97B08BDF09AF}.Release|Any CPU.ActiveCfg = Release|Any CPU
		{91036151-9786-4632-9315-97B08BDF09AF}.Release|Any CPU.Build.0 = Release|Any CPU
		{CC042469-1115-4080-B62B-BC3816435EB6}.Debug|Any CPU.ActiveCfg = Debug|Any CPU
		{CC042469-1115-4080-B62B-BC3816435EB6}.Debug|Any CPU.Build.0 = Debug|Any CPU
		{CC042469-1115-4080-B62B-BC3816435EB6}.Release|Any CPU.ActiveCfg = Release|Any CPU
		{CC042469-1115-4080-B62B-BC3816435EB6}.Release|Any CPU.Build.0 = Release|Any CPU
		{B083D523-CFD1-442F-A042-FAAE079E7475}.Debug|Any CPU.ActiveCfg = Debug|Any CPU
		{B083D523-CFD1-442F-A042-FAAE079E7475}.Debug|Any CPU.Build.0 = Debug|Any CPU
		{B083D523-CFD1-442F-A042-FAAE079E7475}.Release|Any CPU.ActiveCfg = Release|Any CPU
		{B083D523-CFD1-442F-A042-FAAE079E7475}.Release|Any CPU.Build.0 = Release|Any CPU
		{E2F458BE-50E4-47FD-92CB-E06514607A2B}.Debug|Any CPU.ActiveCfg = Debug|Any CPU
		{E2F458BE-50E4-47FD-92CB-E06514607A2B}.Debug|Any CPU.Build.0 = Debug|Any CPU
		{E2F458BE-50E4-47FD-92CB-E06514607A2B}.Release|Any CPU.ActiveCfg = Release|Any CPU
		{E2F458BE-50E4-47FD-92CB-E06514607A2B}.Release|Any CPU.Build.0 = Release|Any CPU
		{C0621EA3-BB47-40DC-A2C9-ECAF4289666D}.Debug|Any CPU.ActiveCfg = Debug|Any CPU
		{C0621EA3-BB47-40DC-A2C9-ECAF4289666D}.Debug|Any CPU.Build.0 = Debug|Any CPU
		{C0621EA3-BB47-40DC-A2C9-ECAF4289666D}.Release|Any CPU.ActiveCfg = Release|Any CPU
		{C0621EA3-BB47-40DC-A2C9-ECAF4289666D}.Release|Any CPU.Build.0 = Release|Any CPU
		{A0809A7F-15BC-463D-8EEE-2063D4EAA5EC}.Debug|Any CPU.ActiveCfg = Debug|Any CPU
		{A0809A7F-15BC-463D-8EEE-2063D4EAA5EC}.Debug|Any CPU.Build.0 = Debug|Any CPU
		{A0809A7F-15BC-463D-8EEE-2063D4EAA5EC}.Release|Any CPU.ActiveCfg = Release|Any CPU
		{A0809A7F-15BC-463D-8EEE-2063D4EAA5EC}.Release|Any CPU.Build.0 = Release|Any CPU
		{7003A5D4-3B82-4E4F-80D4-FF1F8AD787C0}.Debug|Any CPU.ActiveCfg = Debug|Any CPU
		{7003A5D4-3B82-4E4F-80D4-FF1F8AD787C0}.Debug|Any CPU.Build.0 = Debug|Any CPU
		{7003A5D4-3B82-4E4F-80D4-FF1F8AD787C0}.Release|Any CPU.ActiveCfg = Release|Any CPU
		{7003A5D4-3B82-4E4F-80D4-FF1F8AD787C0}.Release|Any CPU.Build.0 = Release|Any CPU
		{BE35FB29-D5C3-463B-AD49-A33BDCA20A4D}.Debug|Any CPU.ActiveCfg = Debug|Any CPU
		{BE35FB29-D5C3-463B-AD49-A33BDCA20A4D}.Debug|Any CPU.Build.0 = Debug|Any CPU
		{BE35FB29-D5C3-463B-AD49-A33BDCA20A4D}.Release|Any CPU.ActiveCfg = Release|Any CPU
		{BE35FB29-D5C3-463B-AD49-A33BDCA20A4D}.Release|Any CPU.Build.0 = Release|Any CPU
		{7C0F80B6-F87D-4802-BEDA-5398300AFD3C}.Debug|Any CPU.ActiveCfg = Debug|Any CPU
		{7C0F80B6-F87D-4802-BEDA-5398300AFD3C}.Debug|Any CPU.Build.0 = Debug|Any CPU
		{7C0F80B6-F87D-4802-BEDA-5398300AFD3C}.Release|Any CPU.ActiveCfg = Release|Any CPU
		{7C0F80B6-F87D-4802-BEDA-5398300AFD3C}.Release|Any CPU.Build.0 = Release|Any CPU
		{C6622A56-C176-4A68-981A-64994B016B63}.Debug|Any CPU.ActiveCfg = Debug|Any CPU
		{C6622A56-C176-4A68-981A-64994B016B63}.Debug|Any CPU.Build.0 = Debug|Any CPU
		{C6622A56-C176-4A68-981A-64994B016B63}.Release|Any CPU.ActiveCfg = Release|Any CPU
		{C6622A56-C176-4A68-981A-64994B016B63}.Release|Any CPU.Build.0 = Release|Any CPU
		{77D712DC-CCE4-49A0-89A1-80AC5D319D06}.Debug|Any CPU.ActiveCfg = Debug|Any CPU
		{77D712DC-CCE4-49A0-89A1-80AC5D319D06}.Debug|Any CPU.Build.0 = Debug|Any CPU
		{77D712DC-CCE4-49A0-89A1-80AC5D319D06}.Release|Any CPU.ActiveCfg = Release|Any CPU
		{77D712DC-CCE4-49A0-89A1-80AC5D319D06}.Release|Any CPU.Build.0 = Release|Any CPU
		{C4501894-BC67-4746-98B5-40F8E00997BA}.Debug|Any CPU.ActiveCfg = Debug|Any CPU
		{C4501894-BC67-4746-98B5-40F8E00997BA}.Debug|Any CPU.Build.0 = Debug|Any CPU
		{C4501894-BC67-4746-98B5-40F8E00997BA}.Release|Any CPU.ActiveCfg = Release|Any CPU
		{C4501894-BC67-4746-98B5-40F8E00997BA}.Release|Any CPU.Build.0 = Release|Any CPU
		{D6D56083-0EA1-4046-8452-9E05766A9C37}.Debug|Any CPU.ActiveCfg = Debug|Any CPU
		{D6D56083-0EA1-4046-8452-9E05766A9C37}.Debug|Any CPU.Build.0 = Debug|Any CPU
		{D6D56083-0EA1-4046-8452-9E05766A9C37}.Release|Any CPU.ActiveCfg = Release|Any CPU
		{D6D56083-0EA1-4046-8452-9E05766A9C37}.Release|Any CPU.Build.0 = Release|Any CPU
		{C8E464E4-A291-4C4A-A540-E0691BE650BC}.Debug|Any CPU.ActiveCfg = Debug|Any CPU
		{C8E464E4-A291-4C4A-A540-E0691BE650BC}.Debug|Any CPU.Build.0 = Debug|Any CPU
		{C8E464E4-A291-4C4A-A540-E0691BE650BC}.Release|Any CPU.ActiveCfg = Release|Any CPU
		{C8E464E4-A291-4C4A-A540-E0691BE650BC}.Release|Any CPU.Build.0 = Release|Any CPU
		{A6EF8AC3-B9D5-4A38-879D-A05E9EC1829B}.Debug|Any CPU.ActiveCfg = Debug|Any CPU
		{A6EF8AC3-B9D5-4A38-879D-A05E9EC1829B}.Debug|Any CPU.Build.0 = Debug|Any CPU
		{A6EF8AC3-B9D5-4A38-879D-A05E9EC1829B}.Release|Any CPU.ActiveCfg = Release|Any CPU
		{A6EF8AC3-B9D5-4A38-879D-A05E9EC1829B}.Release|Any CPU.Build.0 = Release|Any CPU
		{77416E06-27F5-455A-94D9-725DA29E0E1B}.Debug|Any CPU.ActiveCfg = Debug|Any CPU
		{77416E06-27F5-455A-94D9-725DA29E0E1B}.Debug|Any CPU.Build.0 = Debug|Any CPU
		{77416E06-27F5-455A-94D9-725DA29E0E1B}.Release|Any CPU.ActiveCfg = Release|Any CPU
		{77416E06-27F5-455A-94D9-725DA29E0E1B}.Release|Any CPU.Build.0 = Release|Any CPU
		{2FFEF0EE-F36E-4B06-8FAC-14EBE228FD58}.Debug|Any CPU.ActiveCfg = Debug|Any CPU
		{2FFEF0EE-F36E-4B06-8FAC-14EBE228FD58}.Debug|Any CPU.Build.0 = Debug|Any CPU
		{2FFEF0EE-F36E-4B06-8FAC-14EBE228FD58}.Release|Any CPU.ActiveCfg = Release|Any CPU
		{2FFEF0EE-F36E-4B06-8FAC-14EBE228FD58}.Release|Any CPU.Build.0 = Release|Any CPU
	EndGlobalSection
	GlobalSection(SolutionProperties) = preSolution
		HideSolutionNode = FALSE
	EndGlobalSection
	GlobalSection(NestedProjects) = preSolution
		{91036151-9786-4632-9315-97B08BDF09AF} = {8F12D60E-AB93-411C-941C-1B1DDA3CFE49}
		{CC042469-1115-4080-B62B-BC3816435EB6} = {8F12D60E-AB93-411C-941C-1B1DDA3CFE49}
		{B083D523-CFD1-442F-A042-FAAE079E7475} = {8F12D60E-AB93-411C-941C-1B1DDA3CFE49}
		{C0621EA3-BB47-40DC-A2C9-ECAF4289666D} = {B46F9037-B028-4BF7-BFCE-542C52EDFC04}
		{A0809A7F-15BC-463D-8EEE-2063D4EAA5EC} = {BBFFD67C-E2CD-490A-9615-B21B89E554C3}
		{7003A5D4-3B82-4E4F-80D4-FF1F8AD787C0} = {BBFFD67C-E2CD-490A-9615-B21B89E554C3}
		{7C0F80B6-F87D-4802-BEDA-5398300AFD3C} = {BBFFD67C-E2CD-490A-9615-B21B89E554C3}
		{C6622A56-C176-4A68-981A-64994B016B63} = {BBFFD67C-E2CD-490A-9615-B21B89E554C3}
		{77D712DC-CCE4-49A0-89A1-80AC5D319D06} = {BBFFD67C-E2CD-490A-9615-B21B89E554C3}
		{C4501894-BC67-4746-98B5-40F8E00997BA} = {BBFFD67C-E2CD-490A-9615-B21B89E554C3}
		{D6D56083-0EA1-4046-8452-9E05766A9C37} = {BBFFD67C-E2CD-490A-9615-B21B89E554C3}
		{C8E464E4-A291-4C4A-A540-E0691BE650BC} = {B46F9037-B028-4BF7-BFCE-542C52EDFC04}
		{A6EF8AC3-B9D5-4A38-879D-A05E9EC1829B} = {BBFFD67C-E2CD-490A-9615-B21B89E554C3}
		{77416E06-27F5-455A-94D9-725DA29E0E1B} = {8F12D60E-AB93-411C-941C-1B1DDA3CFE49}
		{2FFEF0EE-F36E-4B06-8FAC-14EBE228FD58} = {8F12D60E-AB93-411C-941C-1B1DDA3CFE49}
	EndGlobalSection
	GlobalSection(ExtensibilityGlobals) = postSolution
		SolutionGuid = {761D88FF-62D4-4400-84EB-BE7B12959CC4}
	EndGlobalSection
EndGlobal
